
Microsoft Visual Studio Solution File, Format Version 12.00
# Visual Studio 2013
VisualStudioVersion = 12.0.31101.0
MinimumVisualStudioVersion = 10.0.40219.1
Project("{FAE04EC0-301F-11D3-BF4B-00C04F79EFBC}") = "Simple.Logger", "Simple.Logger\Simple.Logger.csproj", "{32E0BEA8-2747-4DA3-A3B1-550309B04B02}"
EndProject
Project("{FAE04EC0-301F-11D3-BF4B-00C04F79EFBC}") = "Simple.Logger.Tests", "Simple.Logger.Tests\Simple.Logger.Tests.csproj", "{DA57C456-666D-4F81-9ED0-90EAE08B04C8}"
EndProject
Global
	GlobalSection(SolutionConfigurationPlatforms) = preSolution
		Debug|Any CPU = Debug|Any CPU
		Release|Any CPU = Release|Any CPU
	EndGlobalSection
	GlobalSection(ProjectConfigurationPlatforms) = postSolution
		{32E0BEA8-2747-4DA3-A3B1-550309B04B02}.Debug|Any CPU.ActiveCfg = Debug|Any CPU
		{32E0BEA8-2747-4DA3-A3B1-550309B04B02}.Debug|Any CPU.Build.0 = Debug|Any CPU
		{32E0BEA8-2747-4DA3-A3B1-550309B04B02}.Release|Any CPU.ActiveCfg = Release|Any CPU
		{32E0BEA8-2747-4DA3-A3B1-550309B04B02}.Release|Any CPU.Build.0 = Release|Any CPU
		{DA57C456-666D-4F81-9ED0-90EAE08B04C8}.Debug|Any CPU.ActiveCfg = Debug|Any CPU
		{DA57C456-666D-4F81-9ED0-90EAE08B04C8}.Debug|Any CPU.Build.0 = Debug|Any CPU
		{DA57C456-666D-4F81-9ED0-90EAE08B04C8}.Release|Any CPU.ActiveCfg = Release|Any CPU
		{DA57C456-666D-4F81-9ED0-90EAE08B04C8}.Release|Any CPU.Build.0 = Release|Any CPU
	EndGlobalSection
	GlobalSection(SolutionProperties) = preSolution
		HideSolutionNode = FALSE
	EndGlobalSection
EndGlobal
